
Microsoft Visual Studio Solution File, Format Version 12.00
# Visual Studio Version 16
VisualStudioVersion = 16.0.31515.178
MinimumVisualStudioVersion = 10.0.40219.1
Project("{9A19103F-16F7-4668-BE54-9A1E7A4F7556}") = "Ridder.UnitsOfMeasurement", "Ridder.UnitsOfMeasurement\Ridder.UnitsOfMeasurement.csproj", "{25412465-7B69-4077-A346-4049531F4207}"
EndProject
Project("{9A19103F-16F7-4668-BE54-9A1E7A4F7556}") = "Ridder.UnitsOfMeasurement.Tests", "Ridder.UnitsOfMeasurement.Tests\Ridder.UnitsOfMeasurement.Tests.csproj", "{8AC06FD7-5C30-44E2-A63E-BC8683C5F9DD}"
EndProject
Project("{2150E333-8FDC-42A3-9474-1A3956D46DE8}") = "Solution Items", "Solution Items", "{DFAB5F60-305C-482F-B453-18C576E3120A}"
	ProjectSection(SolutionItems) = preProject
		.gitignore = .gitignore
		build-and-publish.yml = build-and-publish.yml
		Readme.md = Readme.md
	EndProjectSection
EndProject
Global
	GlobalSection(SolutionConfigurationPlatforms) = preSolution
		Debug|Any CPU = Debug|Any CPU
		Release|Any CPU = Release|Any CPU
	EndGlobalSection
	GlobalSection(ProjectConfigurationPlatforms) = postSolution
		{25412465-7B69-4077-A346-4049531F4207}.Debug|Any CPU.ActiveCfg = Debug|Any CPU
		{25412465-7B69-4077-A346-4049531F4207}.Debug|Any CPU.Build.0 = Debug|Any CPU
		{25412465-7B69-4077-A346-4049531F4207}.Release|Any CPU.ActiveCfg = Release|Any CPU
		{25412465-7B69-4077-A346-4049531F4207}.Release|Any CPU.Build.0 = Release|Any CPU
		{8AC06FD7-5C30-44E2-A63E-BC8683C5F9DD}.Debug|Any CPU.ActiveCfg = Debug|Any CPU
		{8AC06FD7-5C30-44E2-A63E-BC8683C5F9DD}.Debug|Any CPU.Build.0 = Debug|Any CPU
		{8AC06FD7-5C30-44E2-A63E-BC8683C5F9DD}.Release|Any CPU.ActiveCfg = Release|Any CPU
		{8AC06FD7-5C30-44E2-A63E-BC8683C5F9DD}.Release|Any CPU.Build.0 = Release|Any CPU
	EndGlobalSection
	GlobalSection(SolutionProperties) = preSolution
		HideSolutionNode = FALSE
	EndGlobalSection
	GlobalSection(ExtensibilityGlobals) = postSolution
		SolutionGuid = {7C3A87BF-85AF-4080-890C-8FCC55904B76}
	EndGlobalSection
EndGlobal
